// !$*UTF8*$!
{
	archiveVersion = 1;
	classes = {
	};
	objectVersion = 55;
	objects = {

/* Begin PBXBuildFile section */
		23ECEF2528521CC200A9411B /* AppDelegate.swift in Sources */ = {isa = PBXBuildFile; fileRef = 23ECEF2428521CC200A9411B /* AppDelegate.swift */; };
		23ECEF2728521CC200A9411B /* SceneDelegate.swift in Sources */ = {isa = PBXBuildFile; fileRef = 23ECEF2628521CC200A9411B /* SceneDelegate.swift */; };
		23ECEF2F28521CC200A9411B /* Twitter_App.xcdatamodeld in Sources */ = {isa = PBXBuildFile; fileRef = 23ECEF2D28521CC200A9411B /* Twitter_App.xcdatamodeld */; };
		23ECEF3128521CC500A9411B /* Assets.xcassets in Resources */ = {isa = PBXBuildFile; fileRef = 23ECEF3028521CC500A9411B /* Assets.xcassets */; };
		23ECEF3428521CC500A9411B /* LaunchScreen.storyboard in Resources */ = {isa = PBXBuildFile; fileRef = 23ECEF3228521CC500A9411B /* LaunchScreen.storyboard */; };
		23ECEF3C28521D0800A9411B /* Main.storyboard in Resources */ = {isa = PBXBuildFile; fileRef = 23ECEF3B28521D0800A9411B /* Main.storyboard */; };
		23ECEF3E28537BA100A9411B /* HomeViewController.swift in Sources */ = {isa = PBXBuildFile; fileRef = 23ECEF3D28537BA100A9411B /* HomeViewController.swift */; };
		23ECEF4028537C0200A9411B /* TweetViewController.swift in Sources */ = {isa = PBXBuildFile; fileRef = 23ECEF3F28537C0100A9411B /* TweetViewController.swift */; };
		23ECEF482857753800A9411B /* TweetDataModel.swift in Sources */ = {isa = PBXBuildFile; fileRef = 23ECEF472857753800A9411B /* TweetDataModel.swift */; };
/* End PBXBuildFile section */

/* Begin PBXFileReference section */
		23ECEF2128521CC200A9411B /* Twitter App.app */ = {isa = PBXFileReference; explicitFileType = wrapper.application; includeInIndex = 0; path = "Twitter App.app"; sourceTree = BUILT_PRODUCTS_DIR; };
		23ECEF2428521CC200A9411B /* AppDelegate.swift */ = {isa = PBXFileReference; lastKnownFileType = sourcecode.swift; path = AppDelegate.swift; sourceTree = "<group>"; };
		23ECEF2628521CC200A9411B /* SceneDelegate.swift */ = {isa = PBXFileReference; lastKnownFileType = sourcecode.swift; path = SceneDelegate.swift; sourceTree = "<group>"; };
		23ECEF2E28521CC200A9411B /* Twitter_App.xcdatamodel */ = {isa = PBXFileReference; lastKnownFileType = wrapper.xcdatamodel; path = Twitter_App.xcdatamodel; sourceTree = "<group>"; };
		23ECEF3028521CC500A9411B /* Assets.xcassets */ = {isa = PBXFileReference; lastKnownFileType = folder.assetcatalog; path = Assets.xcassets; sourceTree = "<group>"; };
		23ECEF3328521CC500A9411B /* Base */ = {isa = PBXFileReference; lastKnownFileType = file.storyboard; name = Base; path = Base.lproj/LaunchScreen.storyboard; sourceTree = "<group>"; };
		23ECEF3528521CC500A9411B /* Info.plist */ = {isa = PBXFileReference; lastKnownFileType = text.plist.xml; path = Info.plist; sourceTree = "<group>"; };
		23ECEF3B28521D0800A9411B /* Main.storyboard */ = {isa = PBXFileReference; lastKnownFileType = file.storyboard; path = Main.storyboard; sourceTree = "<group>"; };
		23ECEF3D28537BA100A9411B /* HomeViewController.swift */ = {isa = PBXFileReference; lastKnownFileType = sourcecode.swift; path = HomeViewController.swift; sourceTree = "<group>"; };
		23ECEF3F28537C0100A9411B /* TweetViewController.swift */ = {isa = PBXFileReference; lastKnownFileType = sourcecode.swift; path = TweetViewController.swift; sourceTree = "<group>"; };
		23ECEF472857753800A9411B /* TweetDataModel.swift */ = {isa = PBXFileReference; lastKnownFileType = sourcecode.swift; path = TweetDataModel.swift; sourceTree = "<group>"; };
/* End PBXFileReference section */

/* Begin PBXFrameworksBuildPhase section */
		23ECEF1E28521CC200A9411B /* Frameworks */ = {
			isa = PBXFrameworksBuildPhase;
			buildActionMask = 2147483647;
			files = (
			);
			runOnlyForDeploymentPostprocessing = 0;
		};
/* End PBXFrameworksBuildPhase section */

/* Begin PBXGroup section */
		23ECEF1828521CC200A9411B = {
			isa = PBXGroup;
			children = (
				23ECEF2328521CC200A9411B /* Twitter App */,
				23ECEF2228521CC200A9411B /* Products */,
			);
			sourceTree = "<group>";
		};
		23ECEF2228521CC200A9411B /* Products */ = {
			isa = PBXGroup;
			children = (
				23ECEF2128521CC200A9411B /* Twitter App.app */,
			);
			name = Products;
			sourceTree = "<group>";
		};
		23ECEF2328521CC200A9411B /* Twitter App */ = {
			isa = PBXGroup;
			children = (
				23ECEF2428521CC200A9411B /* AppDelegate.swift */,
				23ECEF3B28521D0800A9411B /* Main.storyboard */,
				23ECEF2628521CC200A9411B /* SceneDelegate.swift */,
				23ECEF3028521CC500A9411B /* Assets.xcassets */,
				23ECEF3228521CC500A9411B /* LaunchScreen.storyboard */,
				23ECEF3528521CC500A9411B /* Info.plist */,
				23ECEF2D28521CC200A9411B /* Twitter_App.xcdatamodeld */,
				23ECEF3D28537BA100A9411B /* HomeViewController.swift */,
				23ECEF3F28537C0100A9411B /* TweetViewController.swift */,
				23ECEF472857753800A9411B /* TweetDataModel.swift */,
			);
			path = "Twitter App";
			sourceTree = "<group>";
		};
/* End PBXGroup section */

/* Begin PBXNativeTarget section */
		23ECEF2028521CC200A9411B /* Twitter App */ = {
			isa = PBXNativeTarget;
			buildConfigurationList = 23ECEF3828521CC500A9411B /* Build configuration list for PBXNativeTarget "Twitter App" */;
			buildPhases = (
				23ECEF1D28521CC200A9411B /* Sources */,
				23ECEF1E28521CC200A9411B /* Frameworks */,
				23ECEF1F28521CC200A9411B /* Resources */,
			);
			buildRules = (
			);
			dependencies = (
			);
			name = "Twitter App";
			productName = "Twitter App";
			productReference = 23ECEF2128521CC200A9411B /* Twitter App.app */;
			productType = "com.apple.product-type.application";
		};
/* End PBXNativeTarget section */

/* Begin PBXProject section */
		23ECEF1928521CC200A9411B /* Project object */ = {
			isa = PBXProject;
			attributes = {
				BuildIndependentTargetsInParallel = 1;
				LastSwiftUpdateCheck = 1340;
				LastUpgradeCheck = 1340;
				TargetAttributes = {
					23ECEF2028521CC200A9411B = {
						CreatedOnToolsVersion = 13.4.1;
					};
				};
			};
			buildConfigurationList = 23ECEF1C28521CC200A9411B /* Build configuration list for PBXProject "Twitter App" */;
			compatibilityVersion = "Xcode 13.0";
			developmentRegion = en;
			hasScannedForEncodings = 0;
			knownRegions = (
				en,
				Base,
			);
			mainGroup = 23ECEF1828521CC200A9411B;
			productRefGroup = 23ECEF2228521CC200A9411B /* Products */;
			projectDirPath = "";
			projectRoot = "";
			targets = (
				23ECEF2028521CC200A9411B /* Twitter App */,
			);
		};
/* End PBXProject section */

/* Begin PBXResourcesBuildPhase section */
		23ECEF1F28521CC200A9411B /* Resources */ = {
			isa = PBXResourcesBuildPhase;
			buildActionMask = 2147483647;
			files = (
				23ECEF3C28521D0800A9411B /* Main.storyboard in Resources */,
				23ECEF3428521CC500A9411B /* LaunchScreen.storyboard in Resources */,
				23ECEF3128521CC500A9411B /* Assets.xcassets in Resources */,
			);
			runOnlyForDeploymentPostprocessing = 0;
		};
/* End PBXResourcesBuildPhase section */

/* Begin PBXSourcesBuildPhase section */
		23ECEF1D28521CC200A9411B /* Sources */ = {
			isa = PBXSourcesBuildPhase;
			buildActionMask = 2147483647;
			files = (
				23ECEF2528521CC200A9411B /* AppDelegate.swift in Sources */,
				23ECEF482857753800A9411B /* TweetDataModel.swift in Sources */,
				23ECEF2728521CC200A9411B /* SceneDelegate.swift in Sources */,
				23ECEF4028537C0200A9411B /* TweetViewController.swift in Sources */,
				23ECEF2F28521CC200A9411B /* Twitter_App.xcdatamodeld in Sources */,
				23ECEF3E28537BA100A9411B /* HomeViewController.swift in Sources */,
			);
			runOnlyForDeploymentPostprocessing = 0;
		};
/* End PBXSourcesBuildPhase section */

/* Begin PBXVariantGroup section */
		23ECEF3228521CC500A9411B /* LaunchScreen.storyboard */ = {
			isa = PBXVariantGroup;
			children = (
				23ECEF3328521CC500A9411B /* Base */,
			);
			name = LaunchScreen.storyboard;
			sourceTree = "<group>";
		};
/* End PBXVariantGroup section */

/* Begin XCBuildConfiguration section */
		23ECEF3628521CC500A9411B /* Debug */ = {
			isa = XCBuildConfiguration;
			buildSettings = {
				ALWAYS_SEARCH_USER_PATHS = NO;
				CLANG_ANALYZER_NONNULL = YES;
				CLANG_ANALYZER_NUMBER_OBJECT_CONVERSION = YES_AGGRESSIVE;
				CLANG_CXX_LANGUAGE_STANDARD = "gnu++17";
				CLANG_ENABLE_MODULES = YES;
				CLANG_ENABLE_OBJC_ARC = YES;
				CLANG_ENABLE_OBJC_WEAK = YES;
				CLANG_WARN_BLOCK_CAPTURE_AUTORELEASING = YES;
				CLANG_WARN_BOOL_CONVERSION = YES;
				CLANG_WARN_COMMA = YES;
				CLANG_WARN_CONSTANT_CONVERSION = YES;
				CLANG_WARN_DEPRECATED_OBJC_IMPLEMENTATIONS = YES;
				CLANG_WARN_DIRECT_OBJC_ISA_USAGE = YES_ERROR;
				CLANG_WARN_DOCUMENTATION_COMMENTS = YES;
				CLANG_WARN_EMPTY_BODY = YES;
				CLANG_WARN_ENUM_CONVERSION = YES;
				CLANG_WARN_INFINITE_RECURSION = YES;
				CLANG_WARN_INT_CONVERSION = YES;
				CLANG_WARN_NON_LITERAL_NULL_CONVERSION = YES;
				CLANG_WARN_OBJC_IMPLICIT_RETAIN_SELF = YES;
				CLANG_WARN_OBJC_LITERAL_CONVERSION = YES;
				CLANG_WARN_OBJC_ROOT_CLASS = YES_ERROR;
				CLANG_WARN_QUOTED_INCLUDE_IN_FRAMEWORK_HEADER = YES;
				CLANG_WARN_RANGE_LOOP_ANALYSIS = YES;
				CLANG_WARN_STRICT_PROTOTYPES = YES;
				CLANG_WARN_SUSPICIOUS_MOVE = YES;
				CLANG_WARN_UNGUARDED_AVAILABILITY = YES_AGGRESSIVE;
				CLANG_WARN_UNREACHABLE_CODE = YES;
				CLANG_WARN__DUPLICATE_METHOD_MATCH = YES;
				COPY_PHASE_STRIP = NO;
				DEBUG_INFORMATION_FORMAT = dwarf;
				ENABLE_STRICT_OBJC_MSGSEND = YES;
				ENABLE_TESTABILITY = YES;
				GCC_C_LANGUAGE_STANDARD = gnu11;
				GCC_DYNAMIC_NO_PIC = NO;
				GCC_NO_COMMON_BLOCKS = YES;
				GCC_OPTIMIZATION_LEVEL = 0;
				GCC_PREPROCESSOR_DEFINITIONS = (
					"DEBUG=1",
					"$(inherited)",
				);
				GCC_WARN_64_TO_32_BIT_CONVERSION = YES;
				GCC_WARN_ABOUT_RETURN_TYPE = YES_ERROR;
				GCC_WARN_UNDECLARED_SELECTOR = YES;
				GCC_WARN_UNINITIALIZED_AUTOS = YES_AGGRESSIVE;
				GCC_WARN_UNUSED_FUNCTION = YES;
				GCC_WARN_UNUSED_VARIABLE = YES;
				IPHONEOS_DEPLOYMENT_TARGET = 15.5;
				MTL_ENABLE_DEBUG_INFO = INCLUDE_SOURCE;
				MTL_FAST_MATH = YES;
				ONLY_ACTIVE_ARCH = YES;
				SDKROOT = iphoneos;
				SWIFT_ACTIVE_COMPILATION_CONDITIONS = DEBUG;
				SWIFT_OPTIMIZATION_LEVEL = "-Onone";
			};
			name = Debug;
		};
		23ECEF3728521CC500A9411B /* Release */ = {
			isa = XCBuildConfiguration;
			buildSettings = {
				ALWAYS_SEARCH_USER_PATHS = NO;
				CLANG_ANALYZER_NONNULL = YES;
				CLANG_ANALYZER_NUMBER_OBJECT_CONVERSION = YES_AGGRESSIVE;
				CLANG_CXX_LANGUAGE_STANDARD = "gnu++17";
				CLANG_ENABLE_MODULES = YES;
				CLANG_ENABLE_OBJC_ARC = YES;
				CLANG_ENABLE_OBJC_WEAK = YES;
				CLANG_WARN_BLOCK_CAPTURE_AUTORELEASING = YES;
				CLANG_WARN_BOOL_CONVERSION = YES;
				CLANG_WARN_COMMA = YES;
				CLANG_WARN_CONSTANT_CONVERSION = YES;
				CLANG_WARN_DEPRECATED_OBJC_IMPLEMENTATIONS = YES;
				CLANG_WARN_DIRECT_OBJC_ISA_USAGE = YES_ERROR;
				CLANG_WARN_DOCUMENTATION_COMMENTS = YES;
				CLANG_WARN_EMPTY_BODY = YES;
				CLANG_WARN_ENUM_CONVERSION = YES;
				CLANG_WARN_INFINITE_RECURSION = YES;
				CLANG_WARN_INT_CONVERSION = YES;
				CLANG_WARN_NON_LITERAL_NULL_CONVERSION = YES;
				CLANG_WARN_OBJC_IMPLICIT_RETAIN_SELF = YES;
				CLANG_WARN_OBJC_LITERAL_CONVERSION = YES;
				CLANG_WARN_OBJC_ROOT_CLASS = YES_ERROR;
				CLANG_WARN_QUOTED_INCLUDE_IN_FRAMEWORK_HEADER = YES;
				CLANG_WARN_RANGE_LOOP_ANALYSIS = YES;
				CLANG_WARN_STRICT_PROTOTYPES = YES;
				CLANG_WARN_SUSPICIOUS_MOVE = YES;
				CLANG_WARN_UNGUARDED_AVAILABILITY = YES_AGGRESSIVE;
				CLANG_WARN_UNREACHABLE_CODE = YES;
				CLANG_WARN__DUPLICATE_METHOD_MATCH = YES;
				COPY_PHASE_STRIP = NO;
				DEBUG_INFORMATION_FORMAT = "dwarf-with-dsym";
				ENABLE_NS_ASSERTIONS = NO;
				ENABLE_STRICT_OBJC_MSGSEND = YES;
				GCC_C_LANGUAGE_STANDARD = gnu11;
				GCC_NO_COMMON_BLOCKS = YES;
				GCC_WARN_64_TO_32_BIT_CONVERSION = YES;
				GCC_WARN_ABOUT_RETURN_TYPE = YES_ERROR;
				GCC_WARN_UNDECLARED_SELECTOR = YES;
				GCC_WARN_UNINITIALIZED_AUTOS = YES_AGGRESSIVE;
				GCC_WARN_UNUSED_FUNCTION = YES;
				GCC_WARN_UNUSED_VARIABLE = YES;
				IPHONEOS_DEPLOYMENT_TARGET = 15.5;
				MTL_ENABLE_DEBUG_INFO = NO;
				MTL_FAST_MATH = YES;
				SDKROOT = iphoneos;
				SWIFT_COMPILATION_MODE = wholemodule;
				SWIFT_OPTIMIZATION_LEVEL = "-O";
				VALIDATE_PRODUCT = YES;
			};
			name = Release;
		};
		23ECEF3928521CC500A9411B /* Debug */ = {
			isa = XCBuildConfiguration;
			buildSettings = {
				ASSETCATALOG_COMPILER_APPICON_NAME = AppIcon;
				ASSETCATALOG_COMPILER_GLOBAL_ACCENT_COLOR_NAME = AccentColor;
				CODE_SIGN_STYLE = Automatic;
				CURRENT_PROJECT_VERSION = 1;
				DEVELOPMENT_TEAM = 8GLVHJH8KR;
				GENERATE_INFOPLIST_FILE = YES;
				INFOPLIST_FILE = "Twitter App/Info.plist";
				INFOPLIST_KEY_UIApplicationSupportsIndirectInputEvents = YES;
				INFOPLIST_KEY_UILaunchStoryboardName = LaunchScreen;
				INFOPLIST_KEY_UIMainStoryboardFile = Main;
				INFOPLIST_KEY_UISupportedInterfaceOrientations_iPad = "UIInterfaceOrientationPortrait UIInterfaceOrientationPortraitUpsideDown UIInterfaceOrientationLandscapeLeft UIInterfaceOrientationLandscapeRight";
				INFOPLIST_KEY_UISupportedInterfaceOrientations_iPhone = "UIInterfaceOrientationPortrait UIInterfaceOrientationLandscapeLeft UIInterfaceOrientationLandscapeRight";
				LD_RUNPATH_SEARCH_PATHS = (
					"$(inherited)",
					"@executable_path/Frameworks",
				);
				MARKETING_VERSION = 1.0;
				PRODUCT_BUNDLE_IDENTIFIER = "com.gmail.yuukunn3777.Twitter-App";
				PRODUCT_NAME = "$(TARGET_NAME)";
				SWIFT_EMIT_LOC_STRINGS = YES;
				SWIFT_VERSION = 5.0;
				TARGETED_DEVICE_FAMILY = "1,2";
			};
			name = Debug;
		};
		23ECEF3A28521CC500A9411B /* Release */ = {
			isa = XCBuildConfiguration;
			buildSettings = {
				ASSETCATALOG_COMPILER_APPICON_NAME = AppIcon;
				ASSETCATALOG_COMPILER_GLOBAL_ACCENT_COLOR_NAME = AccentColor;
				CODE_SIGN_STYLE = Automatic;
				CURRENT_PROJECT_VERSION = 1;
				DEVELOPMENT_TEAM = 8GLVHJH8KR;
				GENERATE_INFOPLIST_FILE = YES;
				INFOPLIST_FILE = "Twitter App/Info.plist";
				INFOPLIST_KEY_UIApplicationSupportsIndirectInputEvents = YES;
				INFOPLIST_KEY_UILaunchStoryboardName = LaunchScreen;
				INFOPLIST_KEY_UIMainStoryboardFile = Main;
				INFOPLIST_KEY_UISupportedInterfaceOrientations_iPad = "UIInterfaceOrientationPortrait UIInterfaceOrientationPortraitUpsideDown UIInterfaceOrientationLandscapeLeft UIInterfaceOrientationLandscapeRight";
				INFOPLIST_KEY_UISupportedInterfaceOrientations_iPhone = "UIInterfaceOrientationPortrait UIInterfaceOrientationLandscapeLeft UIInterfaceOrientationLandscapeRight";
				LD_RUNPATH_SEARCH_PATHS = (
					"$(inherited)",
					"@executable_path/Frameworks",
				);
				MARKETING_VERSION = 1.0;
				PRODUCT_BUNDLE_IDENTIFIER = "com.gmail.yuukunn3777.Twitter-App";
				PRODUCT_NAME = "$(TARGET_NAME)";
				SWIFT_EMIT_LOC_STRINGS = YES;
				SWIFT_VERSION = 5.0;
				TARGETED_DEVICE_FAMILY = "1,2";
			};
			name = Release;
		};
/* End XCBuildConfiguration section */

/* Begin XCConfigurationList section */
		23ECEF1C28521CC200A9411B /* Build configuration list for PBXProject "Twitter App" */ = {
			isa = XCConfigurationList;
			buildConfigurations = (
				23ECEF3628521CC500A9411B /* Debug */,
				23ECEF3728521CC500A9411B /* Release */,
			);
			defaultConfigurationIsVisible = 0;
			defaultConfigurationName = Release;
		};
		23ECEF3828521CC500A9411B /* Build configuration list for PBXNativeTarget "Twitter App" */ = {
			isa = XCConfigurationList;
			buildConfigurations = (
				23ECEF3928521CC500A9411B /* Debug */,
				23ECEF3A28521CC500A9411B /* Release */,
			);
			defaultConfigurationIsVisible = 0;
			defaultConfigurationName = Release;
		};
/* End XCConfigurationList section */

/* Begin XCVersionGroup section */
		23ECEF2D28521CC200A9411B /* Twitter_App.xcdatamodeld */ = {
			isa = XCVersionGroup;
			children = (
				23ECEF2E28521CC200A9411B /* Twitter_App.xcdatamodel */,
			);
			currentVersion = 23ECEF2E28521CC200A9411B /* Twitter_App.xcdatamodel */;
			path = Twitter_App.xcdatamodeld;
			sourceTree = "<group>";
			versionGroupType = wrapper.xcdatamodel;
		};
/* End XCVersionGroup section */
	};
	rootObject = 23ECEF1928521CC200A9411B /* Project object */;
}
